github.com/zelenin/go-tdlib v0.7.0 h1:6rTf+kzDUdowUJy7Nd5/RHZAHtLjDjti3qm77JYvSNw=
github.com/zelenin/go-tdlib v0.7.0/go.mod h1:Xs8fXbk5n7VaPyrSs9DP7QYoBScWYsjX+lUcWmx1DIU=
github.com/zelenin/go-tdlib v0.7.2 h1:XpD77+t3bix62TsEZbuQeDls6QQJbcovpb8SVVfyNAA=
github.com/zelenin/go-tdlib v0.7.2/go.mod h1:yqNbNZenZtXPKgf9hDuyZbsRz7qlxOxdfKOc+sAxxIE=
