github.com/joho/godotenv v1.5.1 h1:7eLL/+HRGLY0ldzfGMeQkb7vMd0as4CfYvUVzLqw0N0=
github.com/joho/godotenv v1.5.1/go.mod h1:f4LDr5Voq0i2e/R5DDNOoa2zzDfwtkZa6DnEwAbqwq4=
github.com/zelenin/go-tdlib v0.6.0 h1:dmdaPYcluNPiVuagM7D2FPT/nLYftTmqeKndz30vSDM=
github.com/zelenin/go-tdlib v0.6.0/go.mod h1:Xs8fXbk5n7VaPyrSs9DP7QYoBScWYsjX+lUcWmx1DIU=
